
Microsoft Visual Studio Solution File, Format Version 12.00
# Visual Studio Version 17
VisualStudioVersion = 17.7.34024.191
MinimumVisualStudioVersion = 10.0.40219.1
Project("{888888A0-9F3D-457C-B088-3A5042F75D52}") = "Práctica 4", "Práctica 4.pyproj", "{D1DF4FBE-ECA2-4F2F-8A9D-D6A64E030C35}"
EndProject
Global
	GlobalSection(SolutionConfigurationPlatforms) = preSolution
		Debug|Any CPU = Debug|Any CPU
		Release|Any CPU = Release|Any CPU
	EndGlobalSection
	GlobalSection(ProjectConfigurationPlatforms) = postSolution
		{D1DF4FBE-ECA2-4F2F-8A9D-D6A64E030C35}.Debug|Any CPU.ActiveCfg = Debug|Any CPU
		{D1DF4FBE-ECA2-4F2F-8A9D-D6A64E030C35}.Release|Any CPU.ActiveCfg = Release|Any CPU
	EndGlobalSection
	GlobalSection(SolutionProperties) = preSolution
		HideSolutionNode = FALSE
	EndGlobalSection
	GlobalSection(ExtensibilityGlobals) = postSolution
		SolutionGuid = {B1E8B831-1C0D-4DF3-87A2-88107BE5125A}
	EndGlobalSection
EndGlobal
